
Microsoft Visual Studio Solution File, Format Version 12.00
# Visual Studio Version 16
VisualStudioVersion = 16.0.29123.88
MinimumVisualStudioVersion = 10.0.40219.1
Project("{FAE04EC0-301F-11D3-BF4B-00C04F79EFBC}") = "WindowsFormsApp18", "WindowsFormsApp18\WindowsFormsApp18.csproj", "{D585FC4E-B292-48D9-80CA-C5A20414D244}"
EndProject
Global
	GlobalSection(SolutionConfigurationPlatforms) = preSolution
		Debug|Any CPU = Debug|Any CPU
		Release|Any CPU = Release|Any CPU
	EndGlobalSection
	GlobalSection(ProjectConfigurationPlatforms) = postSolution
		{D585FC4E-B292-48D9-80CA-C5A20414D244}.Debug|Any CPU.ActiveCfg = Debug|Any CPU
		{D585FC4E-B292-48D9-80CA-C5A20414D244}.Debug|Any CPU.Build.0 = Debug|Any CPU
		{D585FC4E-B292-48D9-80CA-C5A20414D244}.Release|Any CPU.ActiveCfg = Release|Any CPU
		{D585FC4E-B292-48D9-80CA-C5A20414D244}.Release|Any CPU.Build.0 = Release|Any CPU
	EndGlobalSection
	GlobalSection(SolutionProperties) = preSolution
		HideSolutionNode = FALSE
	EndGlobalSection
	GlobalSection(ExtensibilityGlobals) = postSolution
		SolutionGuid = {A511AD46-0CEB-4322-82C7-891A09994D9A}
	EndGlobalSection
EndGlobal
